
Microsoft Visual Studio Solution File, Format Version 12.00
# Visual Studio 15
VisualStudioVersion = 15.0.27130.2036
MinimumVisualStudioVersion = 10.0.40219.1
Project("{9A19103F-16F7-4668-BE54-9A1E7A4F7556}") = "Bitbucket.Net", "src\Bitbucket.Net\Bitbucket.Net.csproj", "{51EBF9F3-7DFA-4C72-B38D-D07B1ED7FCEE}"
EndProject
Project("{9A19103F-16F7-4668-BE54-9A1E7A4F7556}") = "Bitbucket.Net.Core.Tests", "test\Bitbucket.Net.Tests\Bitbucket.Net.Core.Tests.csproj", "{8B19F6CB-D193-4C6E-B644-FEA7D027AC3D}"
EndProject
Project("{2150E333-8FDC-42A3-9474-1A3956D46DE8}") = "Build", "Build", "{CBBC7722-A73C-4504-81D7-E1FB82B851A5}"
	ProjectSection(SolutionItems) = preProject
		build\build.ps1 = build\build.ps1
		build\test.ps1 = build\test.ps1
	EndProjectSection
EndProject
Project("{2150E333-8FDC-42A3-9474-1A3956D46DE8}") = "Solution Items", "Solution Items", "{778D1009-F274-4E3A-AC8C-D3B357F2DBE1}"
	ProjectSection(SolutionItems) = preProject
		.gitignore = .gitignore
		appveyor.yml = appveyor.yml
		global.json = global.json
		LICENSE = LICENSE
		README.md = README.md
	EndProjectSection
EndProject
Project("{2150E333-8FDC-42A3-9474-1A3956D46DE8}") = "Tests", "Tests", "{B7E00533-033F-48D3-A01C-40BD264F245A}"
EndProject
Global
	GlobalSection(SolutionConfigurationPlatforms) = preSolution
		Debug|Any CPU = Debug|Any CPU
		Release|Any CPU = Release|Any CPU
	EndGlobalSection
	GlobalSection(ProjectConfigurationPlatforms) = postSolution
		{51EBF9F3-7DFA-4C72-B38D-D07B1ED7FCEE}.Debug|Any CPU.ActiveCfg = Debug|Any CPU
		{51EBF9F3-7DFA-4C72-B38D-D07B1ED7FCEE}.Debug|Any CPU.Build.0 = Debug|Any CPU
		{51EBF9F3-7DFA-4C72-B38D-D07B1ED7FCEE}.Release|Any CPU.ActiveCfg = Release|Any CPU
		{51EBF9F3-7DFA-4C72-B38D-D07B1ED7FCEE}.Release|Any CPU.Build.0 = Release|Any CPU
		{8B19F6CB-D193-4C6E-B644-FEA7D027AC3D}.Debug|Any CPU.ActiveCfg = Debug|Any CPU
		{8B19F6CB-D193-4C6E-B644-FEA7D027AC3D}.Debug|Any CPU.Build.0 = Debug|Any CPU
		{8B19F6CB-D193-4C6E-B644-FEA7D027AC3D}.Release|Any CPU.ActiveCfg = Release|Any CPU
	EndGlobalSection
	GlobalSection(SolutionProperties) = preSolution
		HideSolutionNode = FALSE
	EndGlobalSection
	GlobalSection(NestedProjects) = preSolution
		{8B19F6CB-D193-4C6E-B644-FEA7D027AC3D} = {B7E00533-033F-48D3-A01C-40BD264F245A}
	EndGlobalSection
	GlobalSection(ExtensibilityGlobals) = postSolution
		SolutionGuid = {06DABD0E-1A16-4B84-9DF3-A1B8E73D18AF}
	EndGlobalSection
EndGlobal
